<?xml version="1.0" encoding="utf-8"?>
<Project ToolsVersion="4.0" xmlns="http://schemas.microsoft.com/developer/msbuild/2003">
  <ItemGroup>
    <Filter Include="Source Files">
      <UniqueIdentifier>{4FC737F1-C7A5-4376-A066-2A32D752A2FF}</UniqueIdentifier>
      <Extensions>cpp;c;cc;cxx;c++;cppm;ixx;def;odl;idl;hpj;bat;asm;asmx</Extensions>
    </Filter>
    <Filter Include="Resource Files">
      <UniqueIdentifier>{67DA6AB6-F800-4c08-8B7A-83BB121AAD01}</UniqueIdentifier>
      <Extensions>rc;ico;cur;bmp;dlg;rc2;rct;bin;rgs;gif;jpg;jpeg;jpe;resx;tiff;tif;png;wav;mfcribbon-ms</Extensions>
    </Filter>
    <Filter Include="ShaderManager">
      <UniqueIdentifier>{241c1ef8-479a-4511-9187-f36b52f3edc0}</UniqueIdentifier>
    </Filter>
    <Filter Include="cMeshObject">
      <UniqueIdentifier>{66cd0fb6-300e-4a95-a821-4c5515b8be57}</UniqueIdentifier>
    </Filter>
    <Filter Include="Shaders">
      <UniqueIdentifier>{6514997c-424c-401d-b334-d4683b0fea2d}</UniqueIdentifier>
    </Filter>
    <Filter Include="Lights">
      <UniqueIdentifier>{27956ebd-2c26-4f77-a43b-083d5af95382}</UniqueIdentifier>
    </Filter>
    <Filter Include="Global Stuff">
      <UniqueIdentifier>{93995380-89BD-4b04-88EB-625FBE52EBFB}</UniqueIdentifier>
      <Extensions>h;hh;hpp;hxx;h++;hm;inl;inc;ipp;xsd</Extensions>
    </Filter>
    <Filter Include="Callback Functions">
      <UniqueIdentifier>{d391427b-e6c1-4a71-884b-8c5bcd1bd57c}</UniqueIdentifier>
    </Filter>
    <Filter Include="VAOManager_FileLoading">
      <UniqueIdentifier>{7efa91a4-274f-47b3-9da3-171ff30e36d4}</UniqueIdentifier>
    </Filter>
    <Filter Include="Textures">
      <UniqueIdentifier>{3b855b03-76cb-4146-8051-c8deb348ade7}</UniqueIdentifier>
    </Filter>
  </ItemGroup>
  <ItemGroup>
    <ClCompile Include="theMainFunction.cpp">
      <Filter>Source Files</Filter>
    </ClCompile>
    <ClCompile Include="glad.c">
      <Filter>Source Files</Filter>
    </ClCompile>
    <ClCompile Include="cShader.cpp">
      <Filter>ShaderManager</Filter>
    </ClCompile>
    <ClCompile Include="cShaderManager.cpp">
      <Filter>ShaderManager</Filter>
    </ClCompile>
    <ClCompile Include="cVAOManager\cVAOManager.cpp">
      <Filter>VAOManager_FileLoading</Filter>
    </ClCompile>
    <ClCompile Include="cMeshObject.cpp">
      <Filter>cMeshObject</Filter>
    </ClCompile>
    <ClCompile Include="funWithVectors.cpp">
      <Filter>Source Files</Filter>
    </ClCompile>
    <ClCompile Include="cLight.cpp">
      <Filter>Lights</Filter>
    </ClCompile>
    <ClCompile Include="cLightManager.cpp">
      <Filter>Lights</Filter>
    </ClCompile>
    <ClCompile Include="globalThings.cpp">
      <Filter>Global Stuff</Filter>
    </ClCompile>
    <ClCompile Include="KeyboardCallbackFunctions.cpp">
      <Filter>Callback Functions</Filter>
    </ClCompile>
    <ClCompile Include="cLightHelper.cpp">
      <Filter>Lights</Filter>
    </ClCompile>
    <ClCompile Include="FunWithMaps.cpp">
      <Filter>Source Files</Filter>
    </ClCompile>
    <ClCompile Include="cVAOManager\c3DModelFileLoader.cpp">
      <Filter>VAOManager_FileLoading</Filter>
    </ClCompile>
    <ClCompile Include="cBasicTextureManager\C24BitBMPpixel.cpp">
      <Filter>Textures</Filter>
    </ClCompile>
    <ClCompile Include="cBasicTextureManager\cBasicTextureManager.cpp">
      <Filter>Textures</Filter>
    </ClCompile>
    <ClCompile Include="cBasicTextureManager\CTextureFromBMP.cpp">
      <Filter>Textures</Filter>
    </ClCompile>
    <ClCompile Include="DrawObject_function.cpp">
      <Filter>Source Files</Filter>
    </ClCompile>
  </ItemGroup>
  <ItemGroup>
    <ClInclude Include="cShaderManager.h">
      <Filter>ShaderManager</Filter>
    </ClInclude>
    <ClInclude Include="globalOpenGL.h">
      <Filter>Global Stuff</Filter>
    </ClInclude>
    <ClInclude Include="cVAOManager\cVAOManager.h">
      <Filter>VAOManager_FileLoading</Filter>
    </ClInclude>
    <ClInclude Include="cMeshObject.h">
      <Filter>cMeshObject</Filter>
    </ClInclude>
    <ClInclude Include="globalThings.h">
      <Filter>Global Stuff</Filter>
    </ClInclude>
    <ClInclude Include="cLight.h">
      <Filter>Lights</Filter>
    </ClInclude>
    <ClInclude Include="cLightManager.h">
      <Filter>Lights</Filter>
    </ClInclude>
    <ClInclude Include="cLightHelper.h">
      <Filter>Lights</Filter>
    </ClInclude>
    <ClInclude Include="cVAOManager\c3DModelFileLoader.h">
      <Filter>VAOManager_FileLoading</Filter>
    </ClInclude>
    <ClInclude Include="cVAOManager\sModelDrawInfo.h">
      <Filter>VAOManager_FileLoading</Filter>
    </ClInclude>
    <ClInclude Include="cBasicTextureManager\C24BitBMPpixel.h">
      <Filter>Textures</Filter>
    </ClInclude>
    <ClInclude Include="cBasicTextureManager\cBasicTextureManager.h">
      <Filter>Textures</Filter>
    </ClInclude>
    <ClInclude Include="cBasicTextureManager\CTextureFromBMP.h">
      <Filter>Textures</Filter>
    </ClInclude>
  </ItemGroup>
  <ItemGroup>
    <None Include="assets\shaders\fragmentShader01.glsl">
      <Filter>Shaders</Filter>
    </None>
    <None Include="assets\shaders\vertexShader01.glsl">
      <Filter>Shaders</Filter>
    </None>
  </ItemGroup>
</Project>